
Microsoft Visual Studio Solution File, Format Version 12.00
# Visual Studio Version 17
VisualStudioVersion = 17.1.32328.378
MinimumVisualStudioVersion = 10.0.40219.1
Project("{FAE04EC0-301F-11D3-BF4B-00C04F79EFBC}") = "EvenOddProgram", "EvenOddProgram.csproj", "{4667AFE6-E69B-4A48-AAB2-CDA15212C8D6}"
EndProject
Global
	GlobalSection(SolutionConfigurationPlatforms) = preSolution
		Debug|Any CPU = Debug|Any CPU
		Release|Any CPU = Release|Any CPU
	EndGlobalSection
	GlobalSection(ProjectConfigurationPlatforms) = postSolution
		{4667AFE6-E69B-4A48-AAB2-CDA15212C8D6}.Debug|Any CPU.ActiveCfg = Debug|Any CPU
		{4667AFE6-E69B-4A48-AAB2-CDA15212C8D6}.Debug|Any CPU.Build.0 = Debug|Any CPU
		{4667AFE6-E69B-4A48-AAB2-CDA15212C8D6}.Release|Any CPU.ActiveCfg = Release|Any CPU
		{4667AFE6-E69B-4A48-AAB2-CDA15212C8D6}.Release|Any CPU.Build.0 = Release|Any CPU
	EndGlobalSection
	GlobalSection(SolutionProperties) = preSolution
		HideSolutionNode = FALSE
	EndGlobalSection
	GlobalSection(ExtensibilityGlobals) = postSolution
		SolutionGuid = {8422ABAE-EA21-461C-A56C-C89D91BEF315}
	EndGlobalSection
EndGlobal
